
Microsoft Visual Studio Solution File, Format Version 12.00
# Visual Studio Version 16
VisualStudioVersion = 16.0.30204.135
MinimumVisualStudioVersion = 10.0.40219.1
Project("{FAE04EC0-301F-11D3-BF4B-00C04F79EFBC}") = "WindowsFormsApp1", "WindowsFormsApp1\WindowsFormsApp1.csproj", "{D7F9F043-7FF6-4DDF-96EE-D2B767698C7D}"
EndProject
Global
	GlobalSection(SolutionConfigurationPlatforms) = preSolution
		Debug|Any CPU = Debug|Any CPU
		Release|Any CPU = Release|Any CPU
	EndGlobalSection
	GlobalSection(ProjectConfigurationPlatforms) = postSolution
		{D7F9F043-7FF6-4DDF-96EE-D2B767698C7D}.Debug|Any CPU.ActiveCfg = Debug|Any CPU
		{D7F9F043-7FF6-4DDF-96EE-D2B767698C7D}.Debug|Any CPU.Build.0 = Debug|Any CPU
		{D7F9F043-7FF6-4DDF-96EE-D2B767698C7D}.Release|Any CPU.ActiveCfg = Release|Any CPU
		{D7F9F043-7FF6-4DDF-96EE-D2B767698C7D}.Release|Any CPU.Build.0 = Release|Any CPU
	EndGlobalSection
	GlobalSection(SolutionProperties) = preSolution
		HideSolutionNode = FALSE
	EndGlobalSection
	GlobalSection(ExtensibilityGlobals) = postSolution
		SolutionGuid = {D97ED39F-A323-45BC-8DAC-CA46DDF256E4}
	EndGlobalSection
EndGlobal
